
Microsoft Visual Studio Solution File, Format Version 12.00
# Visual Studio Version 17
VisualStudioVersion = 17.6.33723.286
MinimumVisualStudioVersion = 10.0.40219.1
Project("{D2ABAB84-BF74-430A-B69E-9DC6D40DDA17}") = "ANALISIS_LIGA", "ANALISIS_LIGA\ANALISIS_LIGA.dwproj", "{37869089-8593-466D-9696-A18AE2E36D00}"
EndProject
Global
	GlobalSection(SolutionConfigurationPlatforms) = preSolution
		Development|Default = Development|Default
	EndGlobalSection
	GlobalSection(ProjectConfigurationPlatforms) = postSolution
		{37869089-8593-466D-9696-A18AE2E36D00}.Development|Default.ActiveCfg = Development
		{37869089-8593-466D-9696-A18AE2E36D00}.Development|Default.Build.0 = Development
		{37869089-8593-466D-9696-A18AE2E36D00}.Development|Default.Deploy.0 = Development
	EndGlobalSection
	GlobalSection(SolutionProperties) = preSolution
		HideSolutionNode = FALSE
	EndGlobalSection
	GlobalSection(ExtensibilityGlobals) = postSolution
		SolutionGuid = {0E1A6CD3-6BA7-419F-8825-C0B830575C1F}
	EndGlobalSection
EndGlobal
